
Microsoft Visual Studio Solution File, Format Version 12.00
# Visual Studio Version 17
VisualStudioVersion = 17.14.36616.10
MinimumVisualStudioVersion = 10.0.40219.1
Project("{2150E333-8FDC-42A3-9474-1A3956D46DE8}") = "src", "src", "{02EA681E-C7D8-13C7-8484-4AC65E1B71E8}"
EndProject
Project("{2150E333-8FDC-42A3-9474-1A3956D46DE8}") = "test", "test", "{F3097205-A90C-43EA-A8C0-870F31C71489}"
	ProjectSection(SolutionItems) = preProject
		test\.editorconfig = test\.editorconfig
	EndProjectSection
EndProject
Project("{2150E333-8FDC-42A3-9474-1A3956D46DE8}") = "Elementos de la solución", "Elementos de la solución", "{D107F4C8-89CC-BEA8-D3D7-CA6B7733353D}"
	ProjectSection(SolutionItems) = preProject
		Directory.Build.props = Directory.Build.props
		Directory.Packages.props = Directory.Packages.props
	EndProjectSection
EndProject
Project("{2150E333-8FDC-42A3-9474-1A3956D46DE8}") = "Solution Items", "Solution Items", "{1BCCAD39-BC47-422C-9135-428185052075}"
	ProjectSection(SolutionItems) = preProject
		.editorconfig = .editorconfig
	EndProjectSection
EndProject
Project("{FAE04EC0-301F-11D3-BF4B-00C04F79EFBC}") = "Bookify.Api", "src\Bookify.Api\Bookify.Api.csproj", "{1D868796-0A39-146F-B455-B184A3A563F9}"
EndProject
Project("{FAE04EC0-301F-11D3-BF4B-00C04F79EFBC}") = "Bookify.Domain", "src\Bookify.Domain\Bookify.Domain.csproj", "{F262C2B5-8C88-0DFD-A77D-F382F915C58B}"
EndProject
Project("{FAE04EC0-301F-11D3-BF4B-00C04F79EFBC}") = "Bookify.Infrastructure", "src\Bookify.Infrastructure\Bookify.Infrastructure.csproj", "{B2174EC5-6B3A-DEE3-4311-ABE230221426}"
EndProject
Project("{FAE04EC0-301F-11D3-BF4B-00C04F79EFBC}") = "Bookify.Application", "src\Bookify.Application\Bookify.Application.csproj", "{C6BD9A94-B84C-ADB6-B02C-4C6D0DE1ECE6}"
EndProject
Project("{E53339B2-1760-4266-BCC7-CA923CBCF16C}") = "docker-compose", "docker-compose.dcproj", "{81DDED9D-158B-E303-5F62-77A2896D2A5A}"
EndProject
Project("{FAE04EC0-301F-11D3-BF4B-00C04F79EFBC}") = "Bookify.Domain.UnitTests", "test\Bookify.Domain.UnitTests\Bookify.Domain.UnitTests.csproj", "{9266DE89-9516-463F-8521-34162C411DB0}"
EndProject
Project("{FAE04EC0-301F-11D3-BF4B-00C04F79EFBC}") = "Bookify.Application.UnitTests", "test\Bookify.Application.UnitTests\Bookify.Application.UnitTests.csproj", "{FE4CBF08-1C9E-4CC4-8A63-842CC056A09F}"
EndProject
Project("{FAE04EC0-301F-11D3-BF4B-00C04F79EFBC}") = "Bookify.Application.IntegrationTests", "test\Bookify.Application.IntegrationTests\Bookify.Application.IntegrationTests.csproj", "{BB54F7EF-C7D3-4F18-91FF-556EACD99B38}"
EndProject
Project("{FAE04EC0-301F-11D3-BF4B-00C04F79EFBC}") = "Bookify.Api.FunctionalTests", "test\Bookify.Api.FunctionalTests\Bookify.Api.FunctionalTests.csproj", "{60F0744A-C42E-4698-85A6-CA4D9BD6DF04}"
EndProject
Project("{FAE04EC0-301F-11D3-BF4B-00C04F79EFBC}") = "Bookify.ArchitectureTests", "test\Bookify.ArchitectureTests\Bookify.ArchitectureTests.csproj", "{4BD835A3-2867-4DAC-8338-12484211F295}"
EndProject
Project("{FAE04EC0-301F-11D3-BF4B-00C04F79EFBC}") = "Bookify.Api.UnitTests", "test\Bookify.Api.UnitTests\Bookify.Api.UnitTests.csproj", "{DC49ABF1-09A9-45A9-8923-807B77721D4F}"
EndProject
Global
	GlobalSection(SolutionConfigurationPlatforms) = preSolution
		Debug|Any CPU = Debug|Any CPU
		Debug|x64 = Debug|x64
		Debug|x86 = Debug|x86
		Release|Any CPU = Release|Any CPU
		Release|x64 = Release|x64
		Release|x86 = Release|x86
	EndGlobalSection
	GlobalSection(ProjectConfigurationPlatforms) = postSolution
		{1D868796-0A39-146F-B455-B184A3A563F9}.Debug|Any CPU.ActiveCfg = Debug|Any CPU
		{1D868796-0A39-146F-B455-B184A3A563F9}.Debug|Any CPU.Build.0 = Debug|Any CPU
		{1D868796-0A39-146F-B455-B184A3A563F9}.Debug|x64.ActiveCfg = Debug|Any CPU
		{1D868796-0A39-146F-B455-B184A3A563F9}.Debug|x64.Build.0 = Debug|Any CPU
		{1D868796-0A39-146F-B455-B184A3A563F9}.Debug|x86.ActiveCfg = Debug|Any CPU
		{1D868796-0A39-146F-B455-B184A3A563F9}.Debug|x86.Build.0 = Debug|Any CPU
		{1D868796-0A39-146F-B455-B184A3A563F9}.Release|Any CPU.ActiveCfg = Release|Any CPU
		{1D868796-0A39-146F-B455-B184A3A563F9}.Release|Any CPU.Build.0 = Release|Any CPU
		{1D868796-0A39-146F-B455-B184A3A563F9}.Release|x64.ActiveCfg = Release|Any CPU
		{1D868796-0A39-146F-B455-B184A3A563F9}.Release|x64.Build.0 = Release|Any CPU
		{1D868796-0A39-146F-B455-B184A3A563F9}.Release|x86.ActiveCfg = Release|Any CPU
		{1D868796-0A39-146F-B455-B184A3A563F9}.Release|x86.Build.0 = Release|Any CPU
		{F262C2B5-8C88-0DFD-A77D-F382F915C58B}.Debug|Any CPU.ActiveCfg = Debug|Any CPU
		{F262C2B5-8C88-0DFD-A77D-F382F915C58B}.Debug|Any CPU.Build.0 = Debug|Any CPU
		{F262C2B5-8C88-0DFD-A77D-F382F915C58B}.Debug|x64.ActiveCfg = Debug|Any CPU
		{F262C2B5-8C88-0DFD-A77D-F382F915C58B}.Debug|x64.Build.0 = Debug|Any CPU
		{F262C2B5-8C88-0DFD-A77D-F382F915C58B}.Debug|x86.ActiveCfg = Debug|Any CPU
		{F262C2B5-8C88-0DFD-A77D-F382F915C58B}.Debug|x86.Build.0 = Debug|Any CPU
		{F262C2B5-8C88-0DFD-A77D-F382F915C58B}.Release|Any CPU.ActiveCfg = Release|Any CPU
		{F262C2B5-8C88-0DFD-A77D-F382F915C58B}.Release|Any CPU.Build.0 = Release|Any CPU
		{F262C2B5-8C88-0DFD-A77D-F382F915C58B}.Release|x64.ActiveCfg = Release|Any CPU
		{F262C2B5-8C88-0DFD-A77D-F382F915C58B}.Release|x64.Build.0 = Release|Any CPU
		{F262C2B5-8C88-0DFD-A77D-F382F915C58B}.Release|x86.ActiveCfg = Release|Any CPU
		{F262C2B5-8C88-0DFD-A77D-F382F915C58B}.Release|x86.Build.0 = Release|Any CPU
		{B2174EC5-6B3A-DEE3-4311-ABE230221426}.Debug|Any CPU.ActiveCfg = Debug|Any CPU
		{B2174EC5-6B3A-DEE3-4311-ABE230221426}.Debug|Any CPU.Build.0 = Debug|Any CPU
		{B2174EC5-6B3A-DEE3-4311-ABE230221426}.Debug|x64.ActiveCfg = Debug|Any CPU
		{B2174EC5-6B3A-DEE3-4311-ABE230221426}.Debug|x64.Build.0 = Debug|Any CPU
		{B2174EC5-6B3A-DEE3-4311-ABE230221426}.Debug|x86.ActiveCfg = Debug|Any CPU
		{B2174EC5-6B3A-DEE3-4311-ABE230221426}.Debug|x86.Build.0 = Debug|Any CPU
		{B2174EC5-6B3A-DEE3-4311-ABE230221426}.Release|Any CPU.ActiveCfg = Release|Any CPU
		{B2174EC5-6B3A-DEE3-4311-ABE230221426}.Release|Any CPU.Build.0 = Release|Any CPU
		{B2174EC5-6B3A-DEE3-4311-ABE230221426}.Release|x64.ActiveCfg = Release|Any CPU
		{B2174EC5-6B3A-DEE3-4311-ABE230221426}.Release|x64.Build.0 = Release|Any CPU
		{B2174EC5-6B3A-DEE3-4311-ABE230221426}.Release|x86.ActiveCfg = Release|Any CPU
		{B2174EC5-6B3A-DEE3-4311-ABE230221426}.Release|x86.Build.0 = Release|Any CPU
		{C6BD9A94-B84C-ADB6-B02C-4C6D0DE1ECE6}.Debug|Any CPU.ActiveCfg = Debug|Any CPU
		{C6BD9A94-B84C-ADB6-B02C-4C6D0DE1ECE6}.Debug|Any CPU.Build.0 = Debug|Any CPU
		{C6BD9A94-B84C-ADB6-B02C-4C6D0DE1ECE6}.Debug|x64.ActiveCfg = Debug|Any CPU
		{C6BD9A94-B84C-ADB6-B02C-4C6D0DE1ECE6}.Debug|x64.Build.0 = Debug|Any CPU
		{C6BD9A94-B84C-ADB6-B02C-4C6D0DE1ECE6}.Debug|x86.ActiveCfg = Debug|Any CPU
		{C6BD9A94-B84C-ADB6-B02C-4C6D0DE1ECE6}.Debug|x86.Build.0 = Debug|Any CPU
		{C6BD9A94-B84C-ADB6-B02C-4C6D0DE1ECE6}.Release|Any CPU.ActiveCfg = Release|Any CPU
		{C6BD9A94-B84C-ADB6-B02C-4C6D0DE1ECE6}.Release|Any CPU.Build.0 = Release|Any CPU
		{C6BD9A94-B84C-ADB6-B02C-4C6D0DE1ECE6}.Release|x64.ActiveCfg = Release|Any CPU
		{C6BD9A94-B84C-ADB6-B02C-4C6D0DE1ECE6}.Release|x64.Build.0 = Release|Any CPU
		{C6BD9A94-B84C-ADB6-B02C-4C6D0DE1ECE6}.Release|x86.ActiveCfg = Release|Any CPU
		{C6BD9A94-B84C-ADB6-B02C-4C6D0DE1ECE6}.Release|x86.Build.0 = Release|Any CPU
		{81DDED9D-158B-E303-5F62-77A2896D2A5A}.Debug|Any CPU.ActiveCfg = Debug|Any CPU
		{81DDED9D-158B-E303-5F62-77A2896D2A5A}.Debug|Any CPU.Build.0 = Debug|Any CPU
		{81DDED9D-158B-E303-5F62-77A2896D2A5A}.Debug|x64.ActiveCfg = Debug|x64
		{81DDED9D-158B-E303-5F62-77A2896D2A5A}.Debug|x86.ActiveCfg = Debug|x86
		{81DDED9D-158B-E303-5F62-77A2896D2A5A}.Release|Any CPU.ActiveCfg = Release|Any CPU
		{81DDED9D-158B-E303-5F62-77A2896D2A5A}.Release|Any CPU.Build.0 = Release|Any CPU
		{81DDED9D-158B-E303-5F62-77A2896D2A5A}.Release|x64.ActiveCfg = Release|x64
		{81DDED9D-158B-E303-5F62-77A2896D2A5A}.Release|x86.ActiveCfg = Release|x86
		{9266DE89-9516-463F-8521-34162C411DB0}.Debug|Any CPU.ActiveCfg = Debug|Any CPU
		{9266DE89-9516-463F-8521-34162C411DB0}.Debug|Any CPU.Build.0 = Debug|Any CPU
		{9266DE89-9516-463F-8521-34162C411DB0}.Debug|x64.ActiveCfg = Debug|Any CPU
		{9266DE89-9516-463F-8521-34162C411DB0}.Debug|x64.Build.0 = Debug|Any CPU
		{9266DE89-9516-463F-8521-34162C411DB0}.Debug|x86.ActiveCfg = Debug|Any CPU
		{9266DE89-9516-463F-8521-34162C411DB0}.Debug|x86.Build.0 = Debug|Any CPU
		{9266DE89-9516-463F-8521-34162C411DB0}.Release|Any CPU.ActiveCfg = Release|Any CPU
		{9266DE89-9516-463F-8521-34162C411DB0}.Release|Any CPU.Build.0 = Release|Any CPU
		{9266DE89-9516-463F-8521-34162C411DB0}.Release|x64.ActiveCfg = Release|Any CPU
		{9266DE89-9516-463F-8521-34162C411DB0}.Release|x64.Build.0 = Release|Any CPU
		{9266DE89-9516-463F-8521-34162C411DB0}.Release|x86.ActiveCfg = Release|Any CPU
		{9266DE89-9516-463F-8521-34162C411DB0}.Release|x86.Build.0 = Release|Any CPU
		{FE4CBF08-1C9E-4CC4-8A63-842CC056A09F}.Debug|Any CPU.ActiveCfg = Debug|Any CPU
		{FE4CBF08-1C9E-4CC4-8A63-842CC056A09F}.Debug|Any CPU.Build.0 = Debug|Any CPU
		{FE4CBF08-1C9E-4CC4-8A63-842CC056A09F}.Debug|x64.ActiveCfg = Debug|Any CPU
		{FE4CBF08-1C9E-4CC4-8A63-842CC056A09F}.Debug|x64.Build.0 = Debug|Any CPU
		{FE4CBF08-1C9E-4CC4-8A63-842CC056A09F}.Debug|x86.ActiveCfg = Debug|Any CPU
		{FE4CBF08-1C9E-4CC4-8A63-842CC056A09F}.Debug|x86.Build.0 = Debug|Any CPU
		{FE4CBF08-1C9E-4CC4-8A63-842CC056A09F}.Release|Any CPU.ActiveCfg = Release|Any CPU
		{FE4CBF08-1C9E-4CC4-8A63-842CC056A09F}.Release|Any CPU.Build.0 = Release|Any CPU
		{FE4CBF08-1C9E-4CC4-8A63-842CC056A09F}.Release|x64.ActiveCfg = Release|Any CPU
		{FE4CBF08-1C9E-4CC4-8A63-842CC056A09F}.Release|x64.Build.0 = Release|Any CPU
		{FE4CBF08-1C9E-4CC4-8A63-842CC056A09F}.Release|x86.ActiveCfg = Release|Any CPU
		{FE4CBF08-1C9E-4CC4-8A63-842CC056A09F}.Release|x86.Build.0 = Release|Any CPU
		{BB54F7EF-C7D3-4F18-91FF-556EACD99B38}.Debug|Any CPU.ActiveCfg = Debug|Any CPU
		{BB54F7EF-C7D3-4F18-91FF-556EACD99B38}.Debug|Any CPU.Build.0 = Debug|Any CPU
		{BB54F7EF-C7D3-4F18-91FF-556EACD99B38}.Debug|x64.ActiveCfg = Debug|Any CPU
		{BB54F7EF-C7D3-4F18-91FF-556EACD99B38}.Debug|x64.Build.0 = Debug|Any CPU
		{BB54F7EF-C7D3-4F18-91FF-556EACD99B38}.Debug|x86.ActiveCfg = Debug|Any CPU
		{BB54F7EF-C7D3-4F18-91FF-556EACD99B38}.Debug|x86.Build.0 = Debug|Any CPU
		{BB54F7EF-C7D3-4F18-91FF-556EACD99B38}.Release|Any CPU.ActiveCfg = Release|Any CPU
		{BB54F7EF-C7D3-4F18-91FF-556EACD99B38}.Release|Any CPU.Build.0 = Release|Any CPU
		{BB54F7EF-C7D3-4F18-91FF-556EACD99B38}.Release|x64.ActiveCfg = Release|Any CPU
		{BB54F7EF-C7D3-4F18-91FF-556EACD99B38}.Release|x64.Build.0 = Release|Any CPU
		{BB54F7EF-C7D3-4F18-91FF-556EACD99B38}.Release|x86.ActiveCfg = Release|Any CPU
		{BB54F7EF-C7D3-4F18-91FF-556EACD99B38}.Release|x86.Build.0 = Release|Any CPU
		{60F0744A-C42E-4698-85A6-CA4D9BD6DF04}.Debug|Any CPU.ActiveCfg = Debug|Any CPU
		{60F0744A-C42E-4698-85A6-CA4D9BD6DF04}.Debug|Any CPU.Build.0 = Debug|Any CPU
		{60F0744A-C42E-4698-85A6-CA4D9BD6DF04}.Debug|x64.ActiveCfg = Debug|Any CPU
		{60F0744A-C42E-4698-85A6-CA4D9BD6DF04}.Debug|x64.Build.0 = Debug|Any CPU
		{60F0744A-C42E-4698-85A6-CA4D9BD6DF04}.Debug|x86.ActiveCfg = Debug|Any CPU
		{60F0744A-C42E-4698-85A6-CA4D9BD6DF04}.Debug|x86.Build.0 = Debug|Any CPU
		{60F0744A-C42E-4698-85A6-CA4D9BD6DF04}.Release|Any CPU.ActiveCfg = Release|Any CPU
		{60F0744A-C42E-4698-85A6-CA4D9BD6DF04}.Release|Any CPU.Build.0 = Release|Any CPU
		{60F0744A-C42E-4698-85A6-CA4D9BD6DF04}.Release|x64.ActiveCfg = Release|Any CPU
		{60F0744A-C42E-4698-85A6-CA4D9BD6DF04}.Release|x64.Build.0 = Release|Any CPU
		{60F0744A-C42E-4698-85A6-CA4D9BD6DF04}.Release|x86.ActiveCfg = Release|Any CPU
		{60F0744A-C42E-4698-85A6-CA4D9BD6DF04}.Release|x86.Build.0 = Release|Any CPU
		{4BD835A3-2867-4DAC-8338-12484211F295}.Debug|Any CPU.ActiveCfg = Debug|Any CPU
		{4BD835A3-2867-4DAC-8338-12484211F295}.Debug|Any CPU.Build.0 = Debug|Any CPU
		{4BD835A3-2867-4DAC-8338-12484211F295}.Debug|x64.ActiveCfg = Debug|Any CPU
		{4BD835A3-2867-4DAC-8338-12484211F295}.Debug|x64.Build.0 = Debug|Any CPU
		{4BD835A3-2867-4DAC-8338-12484211F295}.Debug|x86.ActiveCfg = Debug|Any CPU
		{4BD835A3-2867-4DAC-8338-12484211F295}.Debug|x86.Build.0 = Debug|Any CPU
		{4BD835A3-2867-4DAC-8338-12484211F295}.Release|Any CPU.ActiveCfg = Release|Any CPU
		{4BD835A3-2867-4DAC-8338-12484211F295}.Release|Any CPU.Build.0 = Release|Any CPU
		{4BD835A3-2867-4DAC-8338-12484211F295}.Release|x64.ActiveCfg = Release|Any CPU
		{4BD835A3-2867-4DAC-8338-12484211F295}.Release|x64.Build.0 = Release|Any CPU
		{4BD835A3-2867-4DAC-8338-12484211F295}.Release|x86.ActiveCfg = Release|Any CPU
		{4BD835A3-2867-4DAC-8338-12484211F295}.Release|x86.Build.0 = Release|Any CPU
		{DC49ABF1-09A9-45A9-8923-807B77721D4F}.Debug|Any CPU.ActiveCfg = Debug|Any CPU
		{DC49ABF1-09A9-45A9-8923-807B77721D4F}.Debug|Any CPU.Build.0 = Debug|Any CPU
		{DC49ABF1-09A9-45A9-8923-807B77721D4F}.Debug|x64.ActiveCfg = Debug|Any CPU
		{DC49ABF1-09A9-45A9-8923-807B77721D4F}.Debug|x64.Build.0 = Debug|Any CPU
		{DC49ABF1-09A9-45A9-8923-807B77721D4F}.Debug|x86.ActiveCfg = Debug|Any CPU
		{DC49ABF1-09A9-45A9-8923-807B77721D4F}.Debug|x86.Build.0 = Debug|Any CPU
		{DC49ABF1-09A9-45A9-8923-807B77721D4F}.Release|Any CPU.ActiveCfg = Release|Any CPU
		{DC49ABF1-09A9-45A9-8923-807B77721D4F}.Release|Any CPU.Build.0 = Release|Any CPU
		{DC49ABF1-09A9-45A9-8923-807B77721D4F}.Release|x64.ActiveCfg = Release|Any CPU
		{DC49ABF1-09A9-45A9-8923-807B77721D4F}.Release|x64.Build.0 = Release|Any CPU
		{DC49ABF1-09A9-45A9-8923-807B77721D4F}.Release|x86.ActiveCfg = Release|Any CPU
		{DC49ABF1-09A9-45A9-8923-807B77721D4F}.Release|x86.Build.0 = Release|Any CPU
	EndGlobalSection
	GlobalSection(SolutionProperties) = preSolution
		HideSolutionNode = FALSE
	EndGlobalSection
	GlobalSection(NestedProjects) = preSolution
		{1D868796-0A39-146F-B455-B184A3A563F9} = {02EA681E-C7D8-13C7-8484-4AC65E1B71E8}
		{F262C2B5-8C88-0DFD-A77D-F382F915C58B} = {02EA681E-C7D8-13C7-8484-4AC65E1B71E8}
		{B2174EC5-6B3A-DEE3-4311-ABE230221426} = {02EA681E-C7D8-13C7-8484-4AC65E1B71E8}
		{C6BD9A94-B84C-ADB6-B02C-4C6D0DE1ECE6} = {02EA681E-C7D8-13C7-8484-4AC65E1B71E8}
		{9266DE89-9516-463F-8521-34162C411DB0} = {F3097205-A90C-43EA-A8C0-870F31C71489}
		{FE4CBF08-1C9E-4CC4-8A63-842CC056A09F} = {F3097205-A90C-43EA-A8C0-870F31C71489}
		{BB54F7EF-C7D3-4F18-91FF-556EACD99B38} = {F3097205-A90C-43EA-A8C0-870F31C71489}
		{60F0744A-C42E-4698-85A6-CA4D9BD6DF04} = {F3097205-A90C-43EA-A8C0-870F31C71489}
		{4BD835A3-2867-4DAC-8338-12484211F295} = {F3097205-A90C-43EA-A8C0-870F31C71489}
		{DC49ABF1-09A9-45A9-8923-807B77721D4F} = {F3097205-A90C-43EA-A8C0-870F31C71489}
	EndGlobalSection
	GlobalSection(ExtensibilityGlobals) = postSolution
		SolutionGuid = {64A4D4B1-8181-44FD-86CF-B62A95BCC441}
	EndGlobalSection
EndGlobal
