
Microsoft Visual Studio Solution File, Format Version 12.00
# Visual Studio Version 17
VisualStudioVersion = 17.14.36616.10 d17.14
MinimumVisualStudioVersion = 10.0.40219.1
Project("{2150E333-8FDC-42A3-9474-1A3956D46DE8}") = "src", "src", "{02EA681E-C7D8-13C7-8484-4AC65E1B71E8}"
EndProject
Project("{2150E333-8FDC-42A3-9474-1A3956D46DE8}") = "test", "test", "{F3097205-A90C-43EA-A8C0-870F31C71489}"
EndProject
Project("{FAE04EC0-301F-11D3-BF4B-00C04F79EFBC}") = "Bookify.Domain", "Bookify.Domain\Bookify.Domain.csproj", "{0B3AD7AC-2FD4-4D18-9311-8F2E1B339629}"
EndProject
Global
	GlobalSection(SolutionConfigurationPlatforms) = preSolution
		Debug|Any CPU = Debug|Any CPU
		Release|Any CPU = Release|Any CPU
	EndGlobalSection
	GlobalSection(ProjectConfigurationPlatforms) = postSolution
		{0B3AD7AC-2FD4-4D18-9311-8F2E1B339629}.Debug|Any CPU.ActiveCfg = Debug|Any CPU
		{0B3AD7AC-2FD4-4D18-9311-8F2E1B339629}.Debug|Any CPU.Build.0 = Debug|Any CPU
		{0B3AD7AC-2FD4-4D18-9311-8F2E1B339629}.Release|Any CPU.ActiveCfg = Release|Any CPU
		{0B3AD7AC-2FD4-4D18-9311-8F2E1B339629}.Release|Any CPU.Build.0 = Release|Any CPU
	EndGlobalSection
	GlobalSection(SolutionProperties) = preSolution
		HideSolutionNode = FALSE
	EndGlobalSection
	GlobalSection(NestedProjects) = preSolution
		{0B3AD7AC-2FD4-4D18-9311-8F2E1B339629} = {02EA681E-C7D8-13C7-8484-4AC65E1B71E8}
	EndGlobalSection
	GlobalSection(ExtensibilityGlobals) = postSolution
		SolutionGuid = {64A4D4B1-8181-44FD-86CF-B62A95BCC441}
	EndGlobalSection
EndGlobal
